// !$*UTF8*$!
{
	archiveVersion = 1;
	classes = {
	};
	objectVersion = 56;
	objects = {

/* Begin PBXBuildFile section */
		4010CDF32B7829D600E9DE91 /* ApiCaller.swift in Sources */ = {isa = PBXBuildFile; fileRef = 4010CDF22B7829D600E9DE91 /* ApiCaller.swift */; };
		4010CDF52B782F3F00E9DE91 /* Movie.swift in Sources */ = {isa = PBXBuildFile; fileRef = 4010CDF42B782F3F00E9DE91 /* Movie.swift */; };
		4041931D2B78B1CF008607BA /* Extensions.swift in Sources */ = {isa = PBXBuildFile; fileRef = 4041931C2B78B1CF008607BA /* Extensions.swift */; };
		404193212B78C0C9008607BA /* TitleCollectionViewCell.swift in Sources */ = {isa = PBXBuildFile; fileRef = 404193202B78C0C9008607BA /* TitleCollectionViewCell.swift */; };
		404193242B78C362008607BA /* SDWebImage in Frameworks */ = {isa = PBXBuildFile; productRef = 404193232B78C362008607BA /* SDWebImage */; };
		404193262B78C362008607BA /* SDWebImageMapKit in Frameworks */ = {isa = PBXBuildFile; productRef = 404193252B78C362008607BA /* SDWebImageMapKit */; };
		405E0F8D2B77E2680022471C /* AppDelegate.swift in Sources */ = {isa = PBXBuildFile; fileRef = 405E0F8C2B77E2680022471C /* AppDelegate.swift */; };
		405E0F8F2B77E2680022471C /* SceneDelegate.swift in Sources */ = {isa = PBXBuildFile; fileRef = 405E0F8E2B77E2680022471C /* SceneDelegate.swift */; };
		405E0F912B77E2680022471C /* MainTabBarViewController.swift in Sources */ = {isa = PBXBuildFile; fileRef = 405E0F902B77E2680022471C /* MainTabBarViewController.swift */; };
		405E0F962B77E2690022471C /* Assets.xcassets in Resources */ = {isa = PBXBuildFile; fileRef = 405E0F952B77E2690022471C /* Assets.xcassets */; };
		405E0F992B77E2690022471C /* LaunchScreen.storyboard in Resources */ = {isa = PBXBuildFile; fileRef = 405E0F972B77E2690022471C /* LaunchScreen.storyboard */; };
		40E700912B77F574001121E3 /* HomeViewController.swift in Sources */ = {isa = PBXBuildFile; fileRef = 40E700902B77F574001121E3 /* HomeViewController.swift */; };
		40E700932B77F5AE001121E3 /* UpcomingViewController.swift in Sources */ = {isa = PBXBuildFile; fileRef = 40E700922B77F5AE001121E3 /* UpcomingViewController.swift */; };
		40E700952B77F5B4001121E3 /* SearchViewController.swift in Sources */ = {isa = PBXBuildFile; fileRef = 40E700942B77F5B4001121E3 /* SearchViewController.swift */; };
		40E700972B77F5C9001121E3 /* DownloadsViewController.swift in Sources */ = {isa = PBXBuildFile; fileRef = 40E700962B77F5C9001121E3 /* DownloadsViewController.swift */; };
		40E7009F2B77FCAE001121E3 /* CollectionViewTableViewCell.swift in Sources */ = {isa = PBXBuildFile; fileRef = 40E7009E2B77FCAE001121E3 /* CollectionViewTableViewCell.swift */; };
		40E700A12B780BA4001121E3 /* HeroHeaderUIView.swift in Sources */ = {isa = PBXBuildFile; fileRef = 40E700A02B780BA4001121E3 /* HeroHeaderUIView.swift */; };
/* End PBXBuildFile section */

/* Begin PBXFileReference section */
		4010CDF22B7829D600E9DE91 /* ApiCaller.swift */ = {isa = PBXFileReference; lastKnownFileType = sourcecode.swift; path = ApiCaller.swift; sourceTree = "<group>"; };
		4010CDF42B782F3F00E9DE91 /* Movie.swift */ = {isa = PBXFileReference; lastKnownFileType = sourcecode.swift; path = Movie.swift; sourceTree = "<group>"; };
		4041931C2B78B1CF008607BA /* Extensions.swift */ = {isa = PBXFileReference; lastKnownFileType = sourcecode.swift; path = Extensions.swift; sourceTree = "<group>"; };
		404193202B78C0C9008607BA /* TitleCollectionViewCell.swift */ = {isa = PBXFileReference; lastKnownFileType = sourcecode.swift; path = TitleCollectionViewCell.swift; sourceTree = "<group>"; };
		405E0F892B77E2680022471C /* NetflixClone.app */ = {isa = PBXFileReference; explicitFileType = wrapper.application; includeInIndex = 0; path = NetflixClone.app; sourceTree = BUILT_PRODUCTS_DIR; };
		405E0F8C2B77E2680022471C /* AppDelegate.swift */ = {isa = PBXFileReference; lastKnownFileType = sourcecode.swift; path = AppDelegate.swift; sourceTree = "<group>"; };
		405E0F8E2B77E2680022471C /* SceneDelegate.swift */ = {isa = PBXFileReference; lastKnownFileType = sourcecode.swift; path = SceneDelegate.swift; sourceTree = "<group>"; };
		405E0F902B77E2680022471C /* MainTabBarViewController.swift */ = {isa = PBXFileReference; lastKnownFileType = sourcecode.swift; path = MainTabBarViewController.swift; sourceTree = "<group>"; };
		405E0F952B77E2690022471C /* Assets.xcassets */ = {isa = PBXFileReference; lastKnownFileType = folder.assetcatalog; path = Assets.xcassets; sourceTree = "<group>"; };
		405E0F982B77E2690022471C /* Base */ = {isa = PBXFileReference; lastKnownFileType = file.storyboard; name = Base; path = Base.lproj/LaunchScreen.storyboard; sourceTree = "<group>"; };
		405E0F9A2B77E2690022471C /* Info.plist */ = {isa = PBXFileReference; lastKnownFileType = text.plist.xml; path = Info.plist; sourceTree = "<group>"; };
		40E700902B77F574001121E3 /* HomeViewController.swift */ = {isa = PBXFileReference; lastKnownFileType = sourcecode.swift; path = HomeViewController.swift; sourceTree = "<group>"; };
		40E700922B77F5AE001121E3 /* UpcomingViewController.swift */ = {isa = PBXFileReference; lastKnownFileType = sourcecode.swift; path = UpcomingViewController.swift; sourceTree = "<group>"; };
		40E700942B77F5B4001121E3 /* SearchViewController.swift */ = {isa = PBXFileReference; lastKnownFileType = sourcecode.swift; path = SearchViewController.swift; sourceTree = "<group>"; };
		40E700962B77F5C9001121E3 /* DownloadsViewController.swift */ = {isa = PBXFileReference; lastKnownFileType = sourcecode.swift; path = DownloadsViewController.swift; sourceTree = "<group>"; };
		40E7009E2B77FCAE001121E3 /* CollectionViewTableViewCell.swift */ = {isa = PBXFileReference; lastKnownFileType = sourcecode.swift; path = CollectionViewTableViewCell.swift; sourceTree = "<group>"; };
		40E700A02B780BA4001121E3 /* HeroHeaderUIView.swift */ = {isa = PBXFileReference; lastKnownFileType = sourcecode.swift; path = HeroHeaderUIView.swift; sourceTree = "<group>"; };
/* End PBXFileReference section */

/* Begin PBXFrameworksBuildPhase section */
		405E0F862B77E2680022471C /* Frameworks */ = {
			isa = PBXFrameworksBuildPhase;
			buildActionMask = 2147483647;
			files = (
				404193262B78C362008607BA /* SDWebImageMapKit in Frameworks */,
				404193242B78C362008607BA /* SDWebImage in Frameworks */,
			);
			runOnlyForDeploymentPostprocessing = 0;
		};
/* End PBXFrameworksBuildPhase section */

/* Begin PBXGroup section */
		405E0F802B77E2670022471C = {
			isa = PBXGroup;
			children = (
				405E0F8B2B77E2680022471C /* NetflixClone */,
				405E0F8A2B77E2680022471C /* Products */,
			);
			sourceTree = "<group>";
		};
		405E0F8A2B77E2680022471C /* Products */ = {
			isa = PBXGroup;
			children = (
				405E0F892B77E2680022471C /* NetflixClone.app */,
			);
			name = Products;
			sourceTree = "<group>";
		};
		405E0F8B2B77E2680022471C /* NetflixClone */ = {
			isa = PBXGroup;
			children = (
				40E7009D2B77FC55001121E3 /* Managers */,
				40E7009C2B77FC45001121E3 /* Resources */,
				40E7009B2B77FC14001121E3 /* Models */,
				40E700992B77FBFA001121E3 /* ViewModels */,
				40E700982B77FBE8001121E3 /* Views */,
				40E7008F2B77F53E001121E3 /* Controllers */,
				405E0F8C2B77E2680022471C /* AppDelegate.swift */,
				405E0F8E2B77E2680022471C /* SceneDelegate.swift */,
				405E0F902B77E2680022471C /* MainTabBarViewController.swift */,
				405E0F952B77E2690022471C /* Assets.xcassets */,
				405E0F972B77E2690022471C /* LaunchScreen.storyboard */,
				405E0F9A2B77E2690022471C /* Info.plist */,
			);
			path = NetflixClone;
			sourceTree = "<group>";
		};
		40E7008F2B77F53E001121E3 /* Controllers */ = {
			isa = PBXGroup;
			children = (
				40E700902B77F574001121E3 /* HomeViewController.swift */,
				40E700922B77F5AE001121E3 /* UpcomingViewController.swift */,
				40E700942B77F5B4001121E3 /* SearchViewController.swift */,
				40E700962B77F5C9001121E3 /* DownloadsViewController.swift */,
			);
			path = Controllers;
			sourceTree = "<group>";
		};
		40E700982B77FBE8001121E3 /* Views */ = {
			isa = PBXGroup;
			children = (
				40E7009E2B77FCAE001121E3 /* CollectionViewTableViewCell.swift */,
				40E700A02B780BA4001121E3 /* HeroHeaderUIView.swift */,
				404193202B78C0C9008607BA /* TitleCollectionViewCell.swift */,
			);
			path = Views;
			sourceTree = "<group>";
		};
		40E700992B77FBFA001121E3 /* ViewModels */ = {
			isa = PBXGroup;
			children = (
			);
			path = ViewModels;
			sourceTree = "<group>";
		};
		40E7009B2B77FC14001121E3 /* Models */ = {
			isa = PBXGroup;
			children = (
				4010CDF42B782F3F00E9DE91 /* Movie.swift */,
			);
			path = Models;
			sourceTree = "<group>";
		};
		40E7009C2B77FC45001121E3 /* Resources */ = {
			isa = PBXGroup;
			children = (
				4041931C2B78B1CF008607BA /* Extensions.swift */,
			);
			path = Resources;
			sourceTree = "<group>";
		};
		40E7009D2B77FC55001121E3 /* Managers */ = {
			isa = PBXGroup;
			children = (
				4010CDF22B7829D600E9DE91 /* ApiCaller.swift */,
			);
			path = Managers;
			sourceTree = "<group>";
		};
/* End PBXGroup section */

/* Begin PBXNativeTarget section */
		405E0F882B77E2680022471C /* NetflixClone */ = {
			isa = PBXNativeTarget;
			buildConfigurationList = 405E0F9D2B77E2690022471C /* Build configuration list for PBXNativeTarget "NetflixClone" */;
			buildPhases = (
				405E0F852B77E2680022471C /* Sources */,
				405E0F862B77E2680022471C /* Frameworks */,
				405E0F872B77E2680022471C /* Resources */,
			);
			buildRules = (
			);
			dependencies = (
			);
			name = NetflixClone;
			packageProductDependencies = (
				404193232B78C362008607BA /* SDWebImage */,
				404193252B78C362008607BA /* SDWebImageMapKit */,
			);
			productName = NetflixClone;
			productReference = 405E0F892B77E2680022471C /* NetflixClone.app */;
			productType = "com.apple.product-type.application";
		};
/* End PBXNativeTarget section */

/* Begin PBXProject section */
		405E0F812B77E2670022471C /* Project object */ = {
			isa = PBXProject;
			attributes = {
				BuildIndependentTargetsInParallel = 1;
				LastSwiftUpdateCheck = 1520;
				LastUpgradeCheck = 1520;
				TargetAttributes = {
					405E0F882B77E2680022471C = {
						CreatedOnToolsVersion = 15.2;
					};
				};
			};
			buildConfigurationList = 405E0F842B77E2670022471C /* Build configuration list for PBXProject "NetflixClone" */;
			compatibilityVersion = "Xcode 14.0";
			developmentRegion = en;
			hasScannedForEncodings = 0;
			knownRegions = (
				en,
				Base,
			);
			mainGroup = 405E0F802B77E2670022471C;
			packageReferences = (
				404193222B78C362008607BA /* XCRemoteSwiftPackageReference "SDWebImage" */,
			);
			productRefGroup = 405E0F8A2B77E2680022471C /* Products */;
			projectDirPath = "";
			projectRoot = "";
			targets = (
				405E0F882B77E2680022471C /* NetflixClone */,
			);
		};
/* End PBXProject section */

/* Begin PBXResourcesBuildPhase section */
		405E0F872B77E2680022471C /* Resources */ = {
			isa = PBXResourcesBuildPhase;
			buildActionMask = 2147483647;
			files = (
				405E0F992B77E2690022471C /* LaunchScreen.storyboard in Resources */,
				405E0F962B77E2690022471C /* Assets.xcassets in Resources */,
			);
			runOnlyForDeploymentPostprocessing = 0;
		};
/* End PBXResourcesBuildPhase section */

/* Begin PBXSourcesBuildPhase section */
		405E0F852B77E2680022471C /* Sources */ = {
			isa = PBXSourcesBuildPhase;
			buildActionMask = 2147483647;
			files = (
				40E700952B77F5B4001121E3 /* SearchViewController.swift in Sources */,
				404193212B78C0C9008607BA /* TitleCollectionViewCell.swift in Sources */,
				405E0F912B77E2680022471C /* MainTabBarViewController.swift in Sources */,
				40E7009F2B77FCAE001121E3 /* CollectionViewTableViewCell.swift in Sources */,
				40E700A12B780BA4001121E3 /* HeroHeaderUIView.swift in Sources */,
				40E700972B77F5C9001121E3 /* DownloadsViewController.swift in Sources */,
				405E0F8D2B77E2680022471C /* AppDelegate.swift in Sources */,
				405E0F8F2B77E2680022471C /* SceneDelegate.swift in Sources */,
				4041931D2B78B1CF008607BA /* Extensions.swift in Sources */,
				40E700932B77F5AE001121E3 /* UpcomingViewController.swift in Sources */,
				40E700912B77F574001121E3 /* HomeViewController.swift in Sources */,
				4010CDF52B782F3F00E9DE91 /* Movie.swift in Sources */,
				4010CDF32B7829D600E9DE91 /* ApiCaller.swift in Sources */,
			);
			runOnlyForDeploymentPostprocessing = 0;
		};
/* End PBXSourcesBuildPhase section */

/* Begin PBXVariantGroup section */
		405E0F972B77E2690022471C /* LaunchScreen.storyboard */ = {
			isa = PBXVariantGroup;
			children = (
				405E0F982B77E2690022471C /* Base */,
			);
			name = LaunchScreen.storyboard;
			sourceTree = "<group>";
		};
/* End PBXVariantGroup section */

/* Begin XCBuildConfiguration section */
		405E0F9B2B77E2690022471C /* Debug */ = {
			isa = XCBuildConfiguration;
			buildSettings = {
				ALWAYS_SEARCH_USER_PATHS = NO;
				ASSETCATALOG_COMPILER_GENERATE_SWIFT_ASSET_SYMBOL_EXTENSIONS = YES;
				CLANG_ANALYZER_NONNULL = YES;
				CLANG_ANALYZER_NUMBER_OBJECT_CONVERSION = YES_AGGRESSIVE;
				CLANG_CXX_LANGUAGE_STANDARD = "gnu++20";
				CLANG_ENABLE_MODULES = YES;
				CLANG_ENABLE_OBJC_ARC = YES;
				CLANG_ENABLE_OBJC_WEAK = YES;
				CLANG_WARN_BLOCK_CAPTURE_AUTORELEASING = YES;
				CLANG_WARN_BOOL_CONVERSION = YES;
				CLANG_WARN_COMMA = YES;
				CLANG_WARN_CONSTANT_CONVERSION = YES;
				CLANG_WARN_DEPRECATED_OBJC_IMPLEMENTATIONS = YES;
				CLANG_WARN_DIRECT_OBJC_ISA_USAGE = YES_ERROR;
				CLANG_WARN_DOCUMENTATION_COMMENTS = YES;
				CLANG_WARN_EMPTY_BODY = YES;
				CLANG_WARN_ENUM_CONVERSION = YES;
				CLANG_WARN_INFINITE_RECURSION = YES;
				CLANG_WARN_INT_CONVERSION = YES;
				CLANG_WARN_NON_LITERAL_NULL_CONVERSION = YES;
				CLANG_WARN_OBJC_IMPLICIT_RETAIN_SELF = YES;
				CLANG_WARN_OBJC_LITERAL_CONVERSION = YES;
				CLANG_WARN_OBJC_ROOT_CLASS = YES_ERROR;
				CLANG_WARN_QUOTED_INCLUDE_IN_FRAMEWORK_HEADER = YES;
				CLANG_WARN_RANGE_LOOP_ANALYSIS = YES;
				CLANG_WARN_STRICT_PROTOTYPES = YES;
				CLANG_WARN_SUSPICIOUS_MOVE = YES;
				CLANG_WARN_UNGUARDED_AVAILABILITY = YES_AGGRESSIVE;
				CLANG_WARN_UNREACHABLE_CODE = YES;
				CLANG_WARN__DUPLICATE_METHOD_MATCH = YES;
				COPY_PHASE_STRIP = NO;
				DEBUG_INFORMATION_FORMAT = dwarf;
				ENABLE_STRICT_OBJC_MSGSEND = YES;
				ENABLE_TESTABILITY = YES;
				ENABLE_USER_SCRIPT_SANDBOXING = YES;
				GCC_C_LANGUAGE_STANDARD = gnu17;
				GCC_DYNAMIC_NO_PIC = NO;
				GCC_NO_COMMON_BLOCKS = YES;
				GCC_OPTIMIZATION_LEVEL = 0;
				GCC_PREPROCESSOR_DEFINITIONS = (
					"DEBUG=1",
					"$(inherited)",
				);
				GCC_WARN_64_TO_32_BIT_CONVERSION = YES;
				GCC_WARN_ABOUT_RETURN_TYPE = YES_ERROR;
				GCC_WARN_UNDECLARED_SELECTOR = YES;
				GCC_WARN_UNINITIALIZED_AUTOS = YES_AGGRESSIVE;
				GCC_WARN_UNUSED_FUNCTION = YES;
				GCC_WARN_UNUSED_VARIABLE = YES;
				IPHONEOS_DEPLOYMENT_TARGET = 17.2;
				LOCALIZATION_PREFERS_STRING_CATALOGS = YES;
				MTL_ENABLE_DEBUG_INFO = INCLUDE_SOURCE;
				MTL_FAST_MATH = YES;
				ONLY_ACTIVE_ARCH = YES;
				SDKROOT = iphoneos;
				SWIFT_ACTIVE_COMPILATION_CONDITIONS = "DEBUG $(inherited)";
				SWIFT_OPTIMIZATION_LEVEL = "-Onone";
			};
			name = Debug;
		};
		405E0F9C2B77E2690022471C /* Release */ = {
			isa = XCBuildConfiguration;
			buildSettings = {
				ALWAYS_SEARCH_USER_PATHS = NO;
				ASSETCATALOG_COMPILER_GENERATE_SWIFT_ASSET_SYMBOL_EXTENSIONS = YES;
				CLANG_ANALYZER_NONNULL = YES;
				CLANG_ANALYZER_NUMBER_OBJECT_CONVERSION = YES_AGGRESSIVE;
				CLANG_CXX_LANGUAGE_STANDARD = "gnu++20";
				CLANG_ENABLE_MODULES = YES;
				CLANG_ENABLE_OBJC_ARC = YES;
				CLANG_ENABLE_OBJC_WEAK = YES;
				CLANG_WARN_BLOCK_CAPTURE_AUTORELEASING = YES;
				CLANG_WARN_BOOL_CONVERSION = YES;
				CLANG_WARN_COMMA = YES;
				CLANG_WARN_CONSTANT_CONVERSION = YES;
				CLANG_WARN_DEPRECATED_OBJC_IMPLEMENTATIONS = YES;
				CLANG_WARN_DIRECT_OBJC_ISA_USAGE = YES_ERROR;
				CLANG_WARN_DOCUMENTATION_COMMENTS = YES;
				CLANG_WARN_EMPTY_BODY = YES;
				CLANG_WARN_ENUM_CONVERSION = YES;
				CLANG_WARN_INFINITE_RECURSION = YES;
				CLANG_WARN_INT_CONVERSION = YES;
				CLANG_WARN_NON_LITERAL_NULL_CONVERSION = YES;
				CLANG_WARN_OBJC_IMPLICIT_RETAIN_SELF = YES;
				CLANG_WARN_OBJC_LITERAL_CONVERSION = YES;
				CLANG_WARN_OBJC_ROOT_CLASS = YES_ERROR;
				CLANG_WARN_QUOTED_INCLUDE_IN_FRAMEWORK_HEADER = YES;
				CLANG_WARN_RANGE_LOOP_ANALYSIS = YES;
				CLANG_WARN_STRICT_PROTOTYPES = YES;
				CLANG_WARN_SUSPICIOUS_MOVE = YES;
				CLANG_WARN_UNGUARDED_AVAILABILITY = YES_AGGRESSIVE;
				CLANG_WARN_UNREACHABLE_CODE = YES;
				CLANG_WARN__DUPLICATE_METHOD_MATCH = YES;
				COPY_PHASE_STRIP = NO;
				DEBUG_INFORMATION_FORMAT = "dwarf-with-dsym";
				ENABLE_NS_ASSERTIONS = NO;
				ENABLE_STRICT_OBJC_MSGSEND = YES;
				ENABLE_USER_SCRIPT_SANDBOXING = YES;
				GCC_C_LANGUAGE_STANDARD = gnu17;
				GCC_NO_COMMON_BLOCKS = YES;
				GCC_WARN_64_TO_32_BIT_CONVERSION = YES;
				GCC_WARN_ABOUT_RETURN_TYPE = YES_ERROR;
				GCC_WARN_UNDECLARED_SELECTOR = YES;
				GCC_WARN_UNINITIALIZED_AUTOS = YES_AGGRESSIVE;
				GCC_WARN_UNUSED_FUNCTION = YES;
				GCC_WARN_UNUSED_VARIABLE = YES;
				IPHONEOS_DEPLOYMENT_TARGET = 17.2;
				LOCALIZATION_PREFERS_STRING_CATALOGS = YES;
				MTL_ENABLE_DEBUG_INFO = NO;
				MTL_FAST_MATH = YES;
				SDKROOT = iphoneos;
				SWIFT_COMPILATION_MODE = wholemodule;
				VALIDATE_PRODUCT = YES;
			};
			name = Release;
		};
		405E0F9E2B77E2690022471C /* Debug */ = {
			isa = XCBuildConfiguration;
			buildSettings = {
				ASSETCATALOG_COMPILER_APPICON_NAME = AppIcon;
				ASSETCATALOG_COMPILER_GLOBAL_ACCENT_COLOR_NAME = AccentColor;
				CODE_SIGN_STYLE = Automatic;
				CURRENT_PROJECT_VERSION = 1;
				DEVELOPMENT_TEAM = D5M38GX662;
				GENERATE_INFOPLIST_FILE = YES;
				INFOPLIST_FILE = NetflixClone/Info.plist;
				INFOPLIST_KEY_UIApplicationSupportsIndirectInputEvents = YES;
				INFOPLIST_KEY_UILaunchStoryboardName = LaunchScreen;
				INFOPLIST_KEY_UISupportedInterfaceOrientations_iPad = "UIInterfaceOrientationPortrait UIInterfaceOrientationPortraitUpsideDown UIInterfaceOrientationLandscapeLeft UIInterfaceOrientationLandscapeRight";
				INFOPLIST_KEY_UISupportedInterfaceOrientations_iPhone = "UIInterfaceOrientationPortrait UIInterfaceOrientationLandscapeLeft UIInterfaceOrientationLandscapeRight";
				IPHONEOS_DEPLOYMENT_TARGET = 15.0;
				LD_RUNPATH_SEARCH_PATHS = (
					"$(inherited)",
					"@executable_path/Frameworks",
				);
				MARKETING_VERSION = 1.0;
				PRODUCT_BUNDLE_IDENTIFIER = com.pravalgautam.NetflixClone;
				PRODUCT_NAME = "$(TARGET_NAME)";
				SWIFT_EMIT_LOC_STRINGS = YES;
				SWIFT_VERSION = 5.0;
				TARGETED_DEVICE_FAMILY = "1,2";
			};
			name = Debug;
		};
		405E0F9F2B77E2690022471C /* Release */ = {
			isa = XCBuildConfiguration;
			buildSettings = {
				ASSETCATALOG_COMPILER_APPICON_NAME = AppIcon;
				ASSETCATALOG_COMPILER_GLOBAL_ACCENT_COLOR_NAME = AccentColor;
				CODE_SIGN_STYLE = Automatic;
				CURRENT_PROJECT_VERSION = 1;
				DEVELOPMENT_TEAM = D5M38GX662;
				GENERATE_INFOPLIST_FILE = YES;
				INFOPLIST_FILE = NetflixClone/Info.plist;
				INFOPLIST_KEY_UIApplicationSupportsIndirectInputEvents = YES;
				INFOPLIST_KEY_UILaunchStoryboardName = LaunchScreen;
				INFOPLIST_KEY_UISupportedInterfaceOrientations_iPad = "UIInterfaceOrientationPortrait UIInterfaceOrientationPortraitUpsideDown UIInterfaceOrientationLandscapeLeft UIInterfaceOrientationLandscapeRight";
				INFOPLIST_KEY_UISupportedInterfaceOrientations_iPhone = "UIInterfaceOrientationPortrait UIInterfaceOrientationLandscapeLeft UIInterfaceOrientationLandscapeRight";
				IPHONEOS_DEPLOYMENT_TARGET = 15.0;
				LD_RUNPATH_SEARCH_PATHS = (
					"$(inherited)",
					"@executable_path/Frameworks",
				);
				MARKETING_VERSION = 1.0;
				PRODUCT_BUNDLE_IDENTIFIER = com.pravalgautam.NetflixClone;
				PRODUCT_NAME = "$(TARGET_NAME)";
				SWIFT_EMIT_LOC_STRINGS = YES;
				SWIFT_VERSION = 5.0;
				TARGETED_DEVICE_FAMILY = "1,2";
			};
			name = Release;
		};
/* End XCBuildConfiguration section */

/* Begin XCConfigurationList section */
		405E0F842B77E2670022471C /* Build configuration list for PBXProject "NetflixClone" */ = {
			isa = XCConfigurationList;
			buildConfigurations = (
				405E0F9B2B77E2690022471C /* Debug */,
				405E0F9C2B77E2690022471C /* Release */,
			);
			defaultConfigurationIsVisible = 0;
			defaultConfigurationName = Release;
		};
		405E0F9D2B77E2690022471C /* Build configuration list for PBXNativeTarget "NetflixClone" */ = {
			isa = XCConfigurationList;
			buildConfigurations = (
				405E0F9E2B77E2690022471C /* Debug */,
				405E0F9F2B77E2690022471C /* Release */,
			);
			defaultConfigurationIsVisible = 0;
			defaultConfigurationName = Release;
		};
/* End XCConfigurationList section */

/* Begin XCRemoteSwiftPackageReference section */
		404193222B78C362008607BA /* XCRemoteSwiftPackageReference "SDWebImage" */ = {
			isa = XCRemoteSwiftPackageReference;
			repositoryURL = "https://github.com/SDWebImage/SDWebImage.git";
			requirement = {
				kind = upToNextMajorVersion;
				minimumVersion = 5.18.10;
			};
		};
/* End XCRemoteSwiftPackageReference section */

/* Begin XCSwiftPackageProductDependency section */
		404193232B78C362008607BA /* SDWebImage */ = {
			isa = XCSwiftPackageProductDependency;
			package = 404193222B78C362008607BA /* XCRemoteSwiftPackageReference "SDWebImage" */;
			productName = SDWebImage;
		};
		404193252B78C362008607BA /* SDWebImageMapKit */ = {
			isa = XCSwiftPackageProductDependency;
			package = 404193222B78C362008607BA /* XCRemoteSwiftPackageReference "SDWebImage" */;
			productName = SDWebImageMapKit;
		};
/* End XCSwiftPackageProductDependency section */
	};
	rootObject = 405E0F812B77E2670022471C /* Project object */;
}
